// !$*UTF8*$!
{
	archiveVersion = 1;
	classes = {
	};
	objectVersion = 46;
	objects = {

/* Begin PBXBuildFile section */
		51485BCF1CF7307100194A37 /* AppDelegate.swift in Sources */ = {isa = PBXBuildFile; fileRef = 51485BCE1CF7307100194A37 /* AppDelegate.swift */; };
		51485BD11CF7307100194A37 /* ViewController.swift in Sources */ = {isa = PBXBuildFile; fileRef = 51485BD01CF7307100194A37 /* ViewController.swift */; };
		51485BD41CF7307100194A37 /* Main.storyboard in Resources */ = {isa = PBXBuildFile; fileRef = 51485BD21CF7307100194A37 /* Main.storyboard */; };
		51485BD61CF7307100194A37 /* Assets.xcassets in Resources */ = {isa = PBXBuildFile; fileRef = 51485BD51CF7307100194A37 /* Assets.xcassets */; };
		51485BD91CF7307100194A37 /* LaunchScreen.storyboard in Resources */ = {isa = PBXBuildFile; fileRef = 51485BD71CF7307100194A37 /* LaunchScreen.storyboard */; };
/* End PBXBuildFile section */

/* Begin PBXFileReference section */
		51485BCB1CF7307100194A37 /* i_valuate.app */ = {isa = PBXFileReference; explicitFileType = wrapper.application; includeInIndex = 0; path = i_valuate.app; sourceTree = BUILT_PRODUCTS_DIR; };
		51485BCE1CF7307100194A37 /* AppDelegate.swift */ = {isa = PBXFileReference; lastKnownFileType = sourcecode.swift; path = AppDelegate.swift; sourceTree = "<group>"; };
		51485BD01CF7307100194A37 /* ViewController.swift */ = {isa = PBXFileReference; lastKnownFileType = sourcecode.swift; path = ViewController.swift; sourceTree = "<group>"; };
		51485BD31CF7307100194A37 /* Base */ = {isa = PBXFileReference; lastKnownFileType = file.storyboard; name = Base; path = Base.lproj/Main.storyboard; sourceTree = "<group>"; };
		51485BD51CF7307100194A37 /* Assets.xcassets */ = {isa = PBXFileReference; lastKnownFileType = folder.assetcatalog; path = Assets.xcassets; sourceTree = "<group>"; };
		51485BD81CF7307100194A37 /* Base */ = {isa = PBXFileReference; lastKnownFileType = file.storyboard; name = Base; path = Base.lproj/LaunchScreen.storyboard; sourceTree = "<group>"; };
		51485BDA1CF7307100194A37 /* Info.plist */ = {isa = PBXFileReference; lastKnownFileType = text.plist.xml; path = Info.plist; sourceTree = "<group>"; };
/* End PBXFileReference section */

/* Begin PBXFrameworksBuildPhase section */
		51485BC81CF7307100194A37 /* Frameworks */ = {
			isa = PBXFrameworksBuildPhase;
			buildActionMask = 2147483647;
			files = (
			);
			runOnlyForDeploymentPostprocessing = 0;
		};
/* End PBXFrameworksBuildPhase section */

/* Begin PBXGroup section */
		51485BC21CF7307100194A37 = {
			isa = PBXGroup;
			children = (
				51485BCD1CF7307100194A37 /* i_valuate */,
				51485BCC1CF7307100194A37 /* Products */,
			);
			sourceTree = "<group>";
		};
		51485BCC1CF7307100194A37 /* Products */ = {
			isa = PBXGroup;
			children = (
				51485BCB1CF7307100194A37 /* i_valuate.app */,
			);
			name = Products;
			sourceTree = "<group>";
		};
		51485BCD1CF7307100194A37 /* i_valuate */ = {
			isa = PBXGroup;
			children = (
				51485BCE1CF7307100194A37 /* AppDelegate.swift */,
				51485BD01CF7307100194A37 /* ViewController.swift */,
				51485BD21CF7307100194A37 /* Main.storyboard */,
				51485BD51CF7307100194A37 /* Assets.xcassets */,
				51485BD71CF7307100194A37 /* LaunchScreen.storyboard */,
				51485BDA1CF7307100194A37 /* Info.plist */,
			);
			path = i_valuate;
			sourceTree = "<group>";
		};
/* End PBXGroup section */

/* Begin PBXNativeTarget section */
		51485BCA1CF7307100194A37 /* i_valuate */ = {
			isa = PBXNativeTarget;
			buildConfigurationList = 51485BDD1CF7307100194A37 /* Build configuration list for PBXNativeTarget "i_valuate" */;
			buildPhases = (
				51485BC71CF7307100194A37 /* Sources */,
				51485BC81CF7307100194A37 /* Frameworks */,
				51485BC91CF7307100194A37 /* Resources */,
			);
			buildRules = (
			);
			dependencies = (
			);
			name = i_valuate;
			productName = i_valuate;
			productReference = 51485BCB1CF7307100194A37 /* i_valuate.app */;
			productType = "com.apple.product-type.application";
		};
/* End PBXNativeTarget section */

/* Begin PBXProject section */
		51485BC31CF7307100194A37 /* Project object */ = {
			isa = PBXProject;
			attributes = {
				LastSwiftUpdateCheck = 0730;
				LastUpgradeCheck = 0730;
				ORGANIZATIONNAME = Justin;
				TargetAttributes = {
					51485BCA1CF7307100194A37 = {
						CreatedOnToolsVersion = 7.3.1;
					};
				};
			};
			buildConfigurationList = 51485BC61CF7307100194A37 /* Build configuration list for PBXProject "i_valuate" */;
			compatibilityVersion = "Xcode 3.2";
			developmentRegion = English;
			hasScannedForEncodings = 0;
			knownRegions = (
				en,
				Base,
			);
			mainGroup = 51485BC21CF7307100194A37;
			productRefGroup = 51485BCC1CF7307100194A37 /* Products */;
			projectDirPath = "";
			projectRoot = "";
			targets = (
				51485BCA1CF7307100194A37 /* i_valuate */,
			);
		};
/* End PBXProject section */

/* Begin PBXResourcesBuildPhase section */
		51485BC91CF7307100194A37 /* Resources */ = {
			isa = PBXResourcesBuildPhase;
			buildActionMask = 2147483647;
			files = (
				51485BD91CF7307100194A37 /* LaunchScreen.storyboard in Resources */,
				51485BD61CF7307100194A37 /* Assets.xcassets in Resources */,
				51485BD41CF7307100194A37 /* Main.storyboard in Resources */,
			);
			runOnlyForDeploymentPostprocessing = 0;
		};
/* End PBXResourcesBuildPhase section */

/* Begin PBXSourcesBuildPhase section */
		51485BC71CF7307100194A37 /* Sources */ = {
			isa = PBXSourcesBuildPhase;
			buildActionMask = 2147483647;
			files = (
				51485BD11CF7307100194A37 /* ViewController.swift in Sources */,
				51485BCF1CF7307100194A37 /* AppDelegate.swift in Sources */,
			);
			runOnlyForDeploymentPostprocessing = 0;
		};
/* End PBXSourcesBuildPhase section */

/* Begin PBXVariantGroup section */
		51485BD21CF7307100194A37 /* Main.storyboard */ = {
			isa = PBXVariantGroup;
			children = (
				51485BD31CF7307100194A37 /* Base */,
			);
			name = Main.storyboard;
			sourceTree = "<group>";
		};
		51485BD71CF7307100194A37 /* LaunchScreen.storyboard */ = {
			isa = PBXVariantGroup;
			children = (
				51485BD81CF7307100194A37 /* Base */,
			);
			name = LaunchScreen.storyboard;
			sourceTree = "<group>";
		};
/* End PBXVariantGroup section */

/* Begin XCBuildConfiguration section */
		51485BDB1CF7307100194A37 /* Debug */ = {
			isa = XCBuildConfiguration;
			buildSettings = {
				ALWAYS_SEARCH_USER_PATHS = NO;
				CLANG_ANALYZER_NONNULL = YES;
				CLANG_CXX_LANGUAGE_STANDARD = "gnu++0x";
				CLANG_CXX_LIBRARY = "libc++";
				CLANG_ENABLE_MODULES = YES;
				CLANG_ENABLE_OBJC_ARC = YES;
				CLANG_WARN_BOOL_CONVERSION = YES;
				CLANG_WARN_CONSTANT_CONVERSION = YES;
				CLANG_WARN_DIRECT_OBJC_ISA_USAGE = YES_ERROR;
				CLANG_WARN_EMPTY_BODY = YES;
				CLANG_WARN_ENUM_CONVERSION = YES;
				CLANG_WARN_INT_CONVERSION = YES;
				CLANG_WARN_OBJC_ROOT_CLASS = YES_ERROR;
				CLANG_WARN_UNREACHABLE_CODE = YES;
				CLANG_WARN__DUPLICATE_METHOD_MATCH = YES;
				"CODE_SIGN_IDENTITY[sdk=iphoneos*]" = "iPhone Developer";
				COPY_PHASE_STRIP = NO;
				DEBUG_INFORMATION_FORMAT = dwarf;
				ENABLE_STRICT_OBJC_MSGSEND = YES;
				ENABLE_TESTABILITY = YES;
				GCC_C_LANGUAGE_STANDARD = gnu99;
				GCC_DYNAMIC_NO_PIC = NO;
				GCC_NO_COMMON_BLOCKS = YES;
				GCC_OPTIMIZATION_LEVEL = 0;
				GCC_PREPROCESSOR_DEFINITIONS = (
					"DEBUG=1",
					"$(inherited)",
				);
				GCC_WARN_64_TO_32_BIT_CONVERSION = YES;
				GCC_WARN_ABOUT_RETURN_TYPE = YES_ERROR;
				GCC_WARN_UNDECLARED_SELECTOR = YES;
				GCC_WARN_UNINITIALIZED_AUTOS = YES_AGGRESSIVE;
				GCC_WARN_UNUSED_FUNCTION = YES;
				GCC_WARN_UNUSED_VARIABLE = YES;
				IPHONEOS_DEPLOYMENT_TARGET = 9.3;
				MTL_ENABLE_DEBUG_INFO = YES;
				ONLY_ACTIVE_ARCH = YES;
				SDKROOT = iphoneos;
				SWIFT_OPTIMIZATION_LEVEL = "-Onone";
			};
			name = Debug;
		};
		51485BDC1CF7307100194A37 /* Release */ = {
			isa = XCBuildConfiguration;
			buildSettings = {
				ALWAYS_SEARCH_USER_PATHS = NO;
				CLANG_ANALYZER_NONNULL = YES;
				CLANG_CXX_LANGUAGE_STANDARD = "gnu++0x";
				CLANG_CXX_LIBRARY = "libc++";
				CLANG_ENABLE_MODULES = YES;
				CLANG_ENABLE_OBJC_ARC = YES;
				CLANG_WARN_BOOL_CONVERSION = YES;
				CLANG_WARN_CONSTANT_CONVERSION = YES;
				CLANG_WARN_DIRECT_OBJC_ISA_USAGE = YES_ERROR;
				CLANG_WARN_EMPTY_BODY = YES;
				CLANG_WARN_ENUM_CONVERSION = YES;
				CLANG_WARN_INT_CONVERSION = YES;
				CLANG_WARN_OBJC_ROOT_CLASS = YES_ERROR;
				CLANG_WARN_UNREACHABLE_CODE = YES;
				CLANG_WARN__DUPLICATE_METHOD_MATCH = YES;
				"CODE_SIGN_IDENTITY[sdk=iphoneos*]" = "iPhone Developer";
				COPY_PHASE_STRIP = NO;
				DEBUG_INFORMATION_FORMAT = "dwarf-with-dsym";
				ENABLE_NS_ASSERTIONS = NO;
				ENABLE_STRICT_OBJC_MSGSEND = YES;
				GCC_C_LANGUAGE_STANDARD = gnu99;
				GCC_NO_COMMON_BLOCKS = YES;
				GCC_WARN_64_TO_32_BIT_CONVERSION = YES;
				GCC_WARN_ABOUT_RETURN_TYPE = YES_ERROR;
				GCC_WARN_UNDECLARED_SELECTOR = YES;
				GCC_WARN_UNINITIALIZED_AUTOS = YES_AGGRESSIVE;
				GCC_WARN_UNUSED_FUNCTION = YES;
				GCC_WARN_UNUSED_VARIABLE = YES;
				IPHONEOS_DEPLOYMENT_TARGET = 9.3;
				MTL_ENABLE_DEBUG_INFO = NO;
				SDKROOT = iphoneos;
				VALIDATE_PRODUCT = YES;
			};
			name = Release;
		};
		51485BDE1CF7307100194A37 /* Debug */ = {
			isa = XCBuildConfiguration;
			buildSettings = {
				ASSETCATALOG_COMPILER_APPICON_NAME = AppIcon;
				INFOPLIST_FILE = i_valuate/Info.plist;
				LD_RUNPATH_SEARCH_PATHS = "$(inherited) @executable_path/Frameworks";
				PRODUCT_BUNDLE_IDENTIFIER = "com.org.i-valuate";
				PRODUCT_NAME = "$(TARGET_NAME)";
			};
			name = Debug;
		};
		51485BDF1CF7307100194A37 /* Release */ = {
			isa = XCBuildConfiguration;
			buildSettings = {
				ASSETCATALOG_COMPILER_APPICON_NAME = AppIcon;
				INFOPLIST_FILE = i_valuate/Info.plist;
				LD_RUNPATH_SEARCH_PATHS = "$(inherited) @executable_path/Frameworks";
				PRODUCT_BUNDLE_IDENTIFIER = "com.org.i-valuate";
				PRODUCT_NAME = "$(TARGET_NAME)";
			};
			name = Release;
		};
/* End XCBuildConfiguration section */

/* Begin XCConfigurationList section */
		51485BC61CF7307100194A37 /* Build configuration list for PBXProject "i_valuate" */ = {
			isa = XCConfigurationList;
			buildConfigurations = (
				51485BDB1CF7307100194A37 /* Debug */,
				51485BDC1CF7307100194A37 /* Release */,
			);
			defaultConfigurationIsVisible = 0;
			defaultConfigurationName = Release;
		};
		51485BDD1CF7307100194A37 /* Build configuration list for PBXNativeTarget "i_valuate" */ = {
			isa = XCConfigurationList;
			buildConfigurations = (
				51485BDE1CF7307100194A37 /* Debug */,
				51485BDF1CF7307100194A37 /* Release */,
			);
			defaultConfigurationIsVisible = 0;
		};
/* End XCConfigurationList section */
	};
	rootObject = 51485BC31CF7307100194A37 /* Project object */;
}
